<Solution>
  <Folder Name="/Tests/">
    <Project Path="FSharp.SourceDjinn.Tests/FSharp.SourceDjinn.Tests.fsproj" />
    <Project Path="Serde.FS.SystemTextJson.SampleApp/Serde.FS.SystemTextJson.SampleApp.fsproj" />
  </Folder>
  <Project Path="FSharp.SourceDjinn/FSharp.SourceDjinn.fsproj" />
  <Project Path="Serde.FS.SystemTextJson/Serde.FS.SystemTextJson.fsproj" />
  <Project Path="Serde.FS/Serde.FS.fsproj" />
</Solution>
